
Microsoft Visual Studio Solution File, Format Version 12.00
# Visual Studio Version 16
VisualStudioVersion = 25.0.1700.0
MinimumVisualStudioVersion = 10.0.40219.1
Project("{FAE04EC0-301F-11D3-BF4B-00C04F79EFBC}") = "Part2", "Part1\Part2.csproj", "{5636CDD0-5B82-4C9B-8834-95681B83913B}"
EndProject
Project("{FAE04EC0-301F-11D3-BF4B-00C04F79EFBC}") = "Exercise", "Exercise\Exercise.csproj", "{5AD2F848-10EE-47DD-AC06-6D2C0993956C}"
EndProject
Global
	GlobalSection(SolutionConfigurationPlatforms) = preSolution
		Debug|Any CPU = Debug|Any CPU
		Release|Any CPU = Release|Any CPU
	EndGlobalSection
	GlobalSection(ProjectConfigurationPlatforms) = postSolution
		{5636CDD0-5B82-4C9B-8834-95681B83913B}.Debug|Any CPU.ActiveCfg = Debug|Any CPU
		{5636CDD0-5B82-4C9B-8834-95681B83913B}.Debug|Any CPU.Build.0 = Debug|Any CPU
		{5636CDD0-5B82-4C9B-8834-95681B83913B}.Release|Any CPU.ActiveCfg = Release|Any CPU
		{5636CDD0-5B82-4C9B-8834-95681B83913B}.Release|Any CPU.Build.0 = Release|Any CPU
		{5AD2F848-10EE-47DD-AC06-6D2C0993956C}.Debug|Any CPU.ActiveCfg = Debug|Any CPU
		{5AD2F848-10EE-47DD-AC06-6D2C0993956C}.Debug|Any CPU.Build.0 = Debug|Any CPU
		{5AD2F848-10EE-47DD-AC06-6D2C0993956C}.Release|Any CPU.ActiveCfg = Release|Any CPU
		{5AD2F848-10EE-47DD-AC06-6D2C0993956C}.Release|Any CPU.Build.0 = Release|Any CPU
	EndGlobalSection
	GlobalSection(SolutionProperties) = preSolution
		HideSolutionNode = FALSE
	EndGlobalSection
	GlobalSection(ExtensibilityGlobals) = postSolution
		SolutionGuid = {88DA107D-A22F-40EA-9AA1-710EB4DD6418}
	EndGlobalSection
EndGlobal
